
Microsoft Visual Studio Solution File, Format Version 12.00
# Visual Studio Version 17
VisualStudioVersion = 17.8.34322.80
MinimumVisualStudioVersion = 10.0.40219.1
Project("{9A19103F-16F7-4668-BE54-9A1E7A4F7556}") = "StudentMukesh.Domain", "StudentMukesh.Domain\StudentMukesh.Domain.csproj", "{B6C0DF65-1530-4D1D-BE16-140D532371D8}"
EndProject
Project("{9A19103F-16F7-4668-BE54-9A1E7A4F7556}") = "StudentMukesh.Repository", "StudentMukesh.Repository\StudentMukesh.Repository.csproj", "{C9F749B5-6867-410A-B992-79FF253BB759}"
EndProject
Project("{9A19103F-16F7-4668-BE54-9A1E7A4F7556}") = "StudentMukesh.UI", "StudentMukesh.UI\StudentMukesh.UI.csproj", "{D12CDAD8-4A4D-431C-9E08-4BA97629BF4F}"
EndProject
Global
	GlobalSection(SolutionConfigurationPlatforms) = preSolution
		Debug|Any CPU = Debug|Any CPU
		Release|Any CPU = Release|Any CPU
	EndGlobalSection
	GlobalSection(ProjectConfigurationPlatforms) = postSolution
		{B6C0DF65-1530-4D1D-BE16-140D532371D8}.Debug|Any CPU.ActiveCfg = Debug|Any CPU
		{B6C0DF65-1530-4D1D-BE16-140D532371D8}.Debug|Any CPU.Build.0 = Debug|Any CPU
		{B6C0DF65-1530-4D1D-BE16-140D532371D8}.Release|Any CPU.ActiveCfg = Release|Any CPU
		{B6C0DF65-1530-4D1D-BE16-140D532371D8}.Release|Any CPU.Build.0 = Release|Any CPU
		{C9F749B5-6867-410A-B992-79FF253BB759}.Debug|Any CPU.ActiveCfg = Debug|Any CPU
		{C9F749B5-6867-410A-B992-79FF253BB759}.Debug|Any CPU.Build.0 = Debug|Any CPU
		{C9F749B5-6867-410A-B992-79FF253BB759}.Release|Any CPU.ActiveCfg = Release|Any CPU
		{C9F749B5-6867-410A-B992-79FF253BB759}.Release|Any CPU.Build.0 = Release|Any CPU
		{D12CDAD8-4A4D-431C-9E08-4BA97629BF4F}.Debug|Any CPU.ActiveCfg = Debug|Any CPU
		{D12CDAD8-4A4D-431C-9E08-4BA97629BF4F}.Debug|Any CPU.Build.0 = Debug|Any CPU
		{D12CDAD8-4A4D-431C-9E08-4BA97629BF4F}.Release|Any CPU.ActiveCfg = Release|Any CPU
		{D12CDAD8-4A4D-431C-9E08-4BA97629BF4F}.Release|Any CPU.Build.0 = Release|Any CPU
	EndGlobalSection
	GlobalSection(SolutionProperties) = preSolution
		HideSolutionNode = FALSE
	EndGlobalSection
	GlobalSection(ExtensibilityGlobals) = postSolution
		SolutionGuid = {246FC31F-7B02-4331-9E9B-158DF2EBC4AE}
	EndGlobalSection
EndGlobal
